// !$*UTF8*$!
{
	archiveVersion = 1;
	classes = {
	};
	objectVersion = 55;
	objects = {

/* Begin PBXBuildFile section */
		45FC69CC28A2E0DD00DB1D64 /* AppDelegate.swift in Sources */ = {isa = PBXBuildFile; fileRef = 45FC69CB28A2E0DD00DB1D64 /* AppDelegate.swift */; };
		45FC69CE28A2E0DD00DB1D64 /* SceneDelegate.swift in Sources */ = {isa = PBXBuildFile; fileRef = 45FC69CD28A2E0DD00DB1D64 /* SceneDelegate.swift */; };
		45FC69D028A2E0DD00DB1D64 /* ViewController.swift in Sources */ = {isa = PBXBuildFile; fileRef = 45FC69CF28A2E0DD00DB1D64 /* ViewController.swift */; };
		45FC69D328A2E0DD00DB1D64 /* Main.storyboard in Resources */ = {isa = PBXBuildFile; fileRef = 45FC69D128A2E0DD00DB1D64 /* Main.storyboard */; };
		45FC69D528A2E0E700DB1D64 /* Assets.xcassets in Resources */ = {isa = PBXBuildFile; fileRef = 45FC69D428A2E0E700DB1D64 /* Assets.xcassets */; };
		45FC69D828A2E0E700DB1D64 /* LaunchScreen.storyboard in Resources */ = {isa = PBXBuildFile; fileRef = 45FC69D628A2E0E700DB1D64 /* LaunchScreen.storyboard */; };
		45FC69E328A2E0E800DB1D64 /* PreworkTests.swift in Sources */ = {isa = PBXBuildFile; fileRef = 45FC69E228A2E0E800DB1D64 /* PreworkTests.swift */; };
		45FC69ED28A2E0E800DB1D64 /* PreworkUITests.swift in Sources */ = {isa = PBXBuildFile; fileRef = 45FC69EC28A2E0E800DB1D64 /* PreworkUITests.swift */; };
		45FC69EF28A2E0E800DB1D64 /* PreworkUITestsLaunchTests.swift in Sources */ = {isa = PBXBuildFile; fileRef = 45FC69EE28A2E0E800DB1D64 /* PreworkUITestsLaunchTests.swift */; };
/* End PBXBuildFile section */

/* Begin PBXContainerItemProxy section */
		45FC69DF28A2E0E800DB1D64 /* PBXContainerItemProxy */ = {
			isa = PBXContainerItemProxy;
			containerPortal = 45FC69C028A2E0DC00DB1D64 /* Project object */;
			proxyType = 1;
			remoteGlobalIDString = 45FC69C728A2E0DD00DB1D64;
			remoteInfo = Prework;
		};
		45FC69E928A2E0E800DB1D64 /* PBXContainerItemProxy */ = {
			isa = PBXContainerItemProxy;
			containerPortal = 45FC69C028A2E0DC00DB1D64 /* Project object */;
			proxyType = 1;
			remoteGlobalIDString = 45FC69C728A2E0DD00DB1D64;
			remoteInfo = Prework;
		};
/* End PBXContainerItemProxy section */

/* Begin PBXFileReference section */
		45FC69C828A2E0DD00DB1D64 /* Tip Calc.app */ = {isa = PBXFileReference; explicitFileType = wrapper.application; includeInIndex = 0; path = "Tip Calc.app"; sourceTree = BUILT_PRODUCTS_DIR; };
		45FC69CB28A2E0DD00DB1D64 /* AppDelegate.swift */ = {isa = PBXFileReference; lastKnownFileType = sourcecode.swift; path = AppDelegate.swift; sourceTree = "<group>"; };
		45FC69CD28A2E0DD00DB1D64 /* SceneDelegate.swift */ = {isa = PBXFileReference; lastKnownFileType = sourcecode.swift; path = SceneDelegate.swift; sourceTree = "<group>"; };
		45FC69CF28A2E0DD00DB1D64 /* ViewController.swift */ = {isa = PBXFileReference; lastKnownFileType = sourcecode.swift; path = ViewController.swift; sourceTree = "<group>"; };
		45FC69D228A2E0DD00DB1D64 /* Base */ = {isa = PBXFileReference; lastKnownFileType = file.storyboard; name = Base; path = Base.lproj/Main.storyboard; sourceTree = "<group>"; };
		45FC69D428A2E0E700DB1D64 /* Assets.xcassets */ = {isa = PBXFileReference; lastKnownFileType = folder.assetcatalog; path = Assets.xcassets; sourceTree = "<group>"; };
		45FC69D728A2E0E700DB1D64 /* Base */ = {isa = PBXFileReference; lastKnownFileType = file.storyboard; name = Base; path = Base.lproj/LaunchScreen.storyboard; sourceTree = "<group>"; };
		45FC69D928A2E0E700DB1D64 /* Info.plist */ = {isa = PBXFileReference; lastKnownFileType = text.plist.xml; path = Info.plist; sourceTree = "<group>"; };
		45FC69DE28A2E0E800DB1D64 /* Tip CalcTests.xctest */ = {isa = PBXFileReference; explicitFileType = wrapper.cfbundle; includeInIndex = 0; path = "Tip CalcTests.xctest"; sourceTree = BUILT_PRODUCTS_DIR; };
		45FC69E228A2E0E800DB1D64 /* PreworkTests.swift */ = {isa = PBXFileReference; lastKnownFileType = sourcecode.swift; path = PreworkTests.swift; sourceTree = "<group>"; };
		45FC69E828A2E0E800DB1D64 /* Tip CalcUITests.xctest */ = {isa = PBXFileReference; explicitFileType = wrapper.cfbundle; includeInIndex = 0; path = "Tip CalcUITests.xctest"; sourceTree = BUILT_PRODUCTS_DIR; };
		45FC69EC28A2E0E800DB1D64 /* PreworkUITests.swift */ = {isa = PBXFileReference; lastKnownFileType = sourcecode.swift; path = PreworkUITests.swift; sourceTree = "<group>"; };
		45FC69EE28A2E0E800DB1D64 /* PreworkUITestsLaunchTests.swift */ = {isa = PBXFileReference; lastKnownFileType = sourcecode.swift; path = PreworkUITestsLaunchTests.swift; sourceTree = "<group>"; };
/* End PBXFileReference section */

/* Begin PBXFrameworksBuildPhase section */
		45FC69C528A2E0DD00DB1D64 /* Frameworks */ = {
			isa = PBXFrameworksBuildPhase;
			buildActionMask = 2147483647;
			files = (
			);
			runOnlyForDeploymentPostprocessing = 0;
		};
		45FC69DB28A2E0E800DB1D64 /* Frameworks */ = {
			isa = PBXFrameworksBuildPhase;
			buildActionMask = 2147483647;
			files = (
			);
			runOnlyForDeploymentPostprocessing = 0;
		};
		45FC69E528A2E0E800DB1D64 /* Frameworks */ = {
			isa = PBXFrameworksBuildPhase;
			buildActionMask = 2147483647;
			files = (
			);
			runOnlyForDeploymentPostprocessing = 0;
		};
/* End PBXFrameworksBuildPhase section */

/* Begin PBXGroup section */
		45FC69BF28A2E0DC00DB1D64 = {
			isa = PBXGroup;
			children = (
				45FC69CA28A2E0DD00DB1D64 /* Prework */,
				45FC69E128A2E0E800DB1D64 /* PreworkTests */,
				45FC69EB28A2E0E800DB1D64 /* PreworkUITests */,
				45FC69C928A2E0DD00DB1D64 /* Products */,
			);
			sourceTree = "<group>";
		};
		45FC69C928A2E0DD00DB1D64 /* Products */ = {
			isa = PBXGroup;
			children = (
				45FC69C828A2E0DD00DB1D64 /* Tip Calc.app */,
				45FC69DE28A2E0E800DB1D64 /* Tip CalcTests.xctest */,
				45FC69E828A2E0E800DB1D64 /* Tip CalcUITests.xctest */,
			);
			name = Products;
			sourceTree = "<group>";
		};
		45FC69CA28A2E0DD00DB1D64 /* Prework */ = {
			isa = PBXGroup;
			children = (
				45FC69CB28A2E0DD00DB1D64 /* AppDelegate.swift */,
				45FC69CD28A2E0DD00DB1D64 /* SceneDelegate.swift */,
				45FC69CF28A2E0DD00DB1D64 /* ViewController.swift */,
				45FC69D128A2E0DD00DB1D64 /* Main.storyboard */,
				45FC69D428A2E0E700DB1D64 /* Assets.xcassets */,
				45FC69D628A2E0E700DB1D64 /* LaunchScreen.storyboard */,
				45FC69D928A2E0E700DB1D64 /* Info.plist */,
			);
			path = Prework;
			sourceTree = "<group>";
		};
		45FC69E128A2E0E800DB1D64 /* PreworkTests */ = {
			isa = PBXGroup;
			children = (
				45FC69E228A2E0E800DB1D64 /* PreworkTests.swift */,
			);
			path = PreworkTests;
			sourceTree = "<group>";
		};
		45FC69EB28A2E0E800DB1D64 /* PreworkUITests */ = {
			isa = PBXGroup;
			children = (
				45FC69EC28A2E0E800DB1D64 /* PreworkUITests.swift */,
				45FC69EE28A2E0E800DB1D64 /* PreworkUITestsLaunchTests.swift */,
			);
			path = PreworkUITests;
			sourceTree = "<group>";
		};
/* End PBXGroup section */

/* Begin PBXNativeTarget section */
		45FC69C728A2E0DD00DB1D64 /* Tip Calc */ = {
			isa = PBXNativeTarget;
			buildConfigurationList = 45FC69F228A2E0E800DB1D64 /* Build configuration list for PBXNativeTarget "Tip Calc" */;
			buildPhases = (
				45FC69C428A2E0DD00DB1D64 /* Sources */,
				45FC69C528A2E0DD00DB1D64 /* Frameworks */,
				45FC69C628A2E0DD00DB1D64 /* Resources */,
			);
			buildRules = (
			);
			dependencies = (
			);
			name = "Tip Calc";
			productName = Prework;
			productReference = 45FC69C828A2E0DD00DB1D64 /* Tip Calc.app */;
			productType = "com.apple.product-type.application";
		};
		45FC69DD28A2E0E800DB1D64 /* Tip CalcTests */ = {
			isa = PBXNativeTarget;
			buildConfigurationList = 45FC69F528A2E0E800DB1D64 /* Build configuration list for PBXNativeTarget "Tip CalcTests" */;
			buildPhases = (
				45FC69DA28A2E0E800DB1D64 /* Sources */,
				45FC69DB28A2E0E800DB1D64 /* Frameworks */,
				45FC69DC28A2E0E800DB1D64 /* Resources */,
			);
			buildRules = (
			);
			dependencies = (
				45FC69E028A2E0E800DB1D64 /* PBXTargetDependency */,
			);
			name = "Tip CalcTests";
			productName = PreworkTests;
			productReference = 45FC69DE28A2E0E800DB1D64 /* Tip CalcTests.xctest */;
			productType = "com.apple.product-type.bundle.unit-test";
		};
		45FC69E728A2E0E800DB1D64 /* Tip CalcUITests */ = {
			isa = PBXNativeTarget;
			buildConfigurationList = 45FC69F828A2E0E800DB1D64 /* Build configuration list for PBXNativeTarget "Tip CalcUITests" */;
			buildPhases = (
				45FC69E428A2E0E800DB1D64 /* Sources */,
				45FC69E528A2E0E800DB1D64 /* Frameworks */,
				45FC69E628A2E0E800DB1D64 /* Resources */,
			);
			buildRules = (
			);
			dependencies = (
				45FC69EA28A2E0E800DB1D64 /* PBXTargetDependency */,
			);
			name = "Tip CalcUITests";
			productName = PreworkUITests;
			productReference = 45FC69E828A2E0E800DB1D64 /* Tip CalcUITests.xctest */;
			productType = "com.apple.product-type.bundle.ui-testing";
		};
/* End PBXNativeTarget section */

/* Begin PBXProject section */
		45FC69C028A2E0DC00DB1D64 /* Project object */ = {
			isa = PBXProject;
			attributes = {
				BuildIndependentTargetsInParallel = 1;
				LastSwiftUpdateCheck = 1340;
				LastUpgradeCheck = 1340;
				TargetAttributes = {
					45FC69C728A2E0DD00DB1D64 = {
						CreatedOnToolsVersion = 13.4.1;
					};
					45FC69DD28A2E0E800DB1D64 = {
						CreatedOnToolsVersion = 13.4.1;
						TestTargetID = 45FC69C728A2E0DD00DB1D64;
					};
					45FC69E728A2E0E800DB1D64 = {
						CreatedOnToolsVersion = 13.4.1;
						TestTargetID = 45FC69C728A2E0DD00DB1D64;
					};
				};
			};
			buildConfigurationList = 45FC69C328A2E0DD00DB1D64 /* Build configuration list for PBXProject "Tip Calc" */;
			compatibilityVersion = "Xcode 13.0";
			developmentRegion = en;
			hasScannedForEncodings = 0;
			knownRegions = (
				en,
				Base,
			);
			mainGroup = 45FC69BF28A2E0DC00DB1D64;
			productRefGroup = 45FC69C928A2E0DD00DB1D64 /* Products */;
			projectDirPath = "";
			projectRoot = "";
			targets = (
				45FC69C728A2E0DD00DB1D64 /* Tip Calc */,
				45FC69DD28A2E0E800DB1D64 /* Tip CalcTests */,
				45FC69E728A2E0E800DB1D64 /* Tip CalcUITests */,
			);
		};
/* End PBXProject section */

/* Begin PBXResourcesBuildPhase section */
		45FC69C628A2E0DD00DB1D64 /* Resources */ = {
			isa = PBXResourcesBuildPhase;
			buildActionMask = 2147483647;
			files = (
				45FC69D828A2E0E700DB1D64 /* LaunchScreen.storyboard in Resources */,
				45FC69D528A2E0E700DB1D64 /* Assets.xcassets in Resources */,
				45FC69D328A2E0DD00DB1D64 /* Main.storyboard in Resources */,
			);
			runOnlyForDeploymentPostprocessing = 0;
		};
		45FC69DC28A2E0E800DB1D64 /* Resources */ = {
			isa = PBXResourcesBuildPhase;
			buildActionMask = 2147483647;
			files = (
			);
			runOnlyForDeploymentPostprocessing = 0;
		};
		45FC69E628A2E0E800DB1D64 /* Resources */ = {
			isa = PBXResourcesBuildPhase;
			buildActionMask = 2147483647;
			files = (
			);
			runOnlyForDeploymentPostprocessing = 0;
		};
/* End PBXResourcesBuildPhase section */

/* Begin PBXSourcesBuildPhase section */
		45FC69C428A2E0DD00DB1D64 /* Sources */ = {
			isa = PBXSourcesBuildPhase;
			buildActionMask = 2147483647;
			files = (
				45FC69D028A2E0DD00DB1D64 /* ViewController.swift in Sources */,
				45FC69CC28A2E0DD00DB1D64 /* AppDelegate.swift in Sources */,
				45FC69CE28A2E0DD00DB1D64 /* SceneDelegate.swift in Sources */,
			);
			runOnlyForDeploymentPostprocessing = 0;
		};
		45FC69DA28A2E0E800DB1D64 /* Sources */ = {
			isa = PBXSourcesBuildPhase;
			buildActionMask = 2147483647;
			files = (
				45FC69E328A2E0E800DB1D64 /* PreworkTests.swift in Sources */,
			);
			runOnlyForDeploymentPostprocessing = 0;
		};
		45FC69E428A2E0E800DB1D64 /* Sources */ = {
			isa = PBXSourcesBuildPhase;
			buildActionMask = 2147483647;
			files = (
				45FC69ED28A2E0E800DB1D64 /* PreworkUITests.swift in Sources */,
				45FC69EF28A2E0E800DB1D64 /* PreworkUITestsLaunchTests.swift in Sources */,
			);
			runOnlyForDeploymentPostprocessing = 0;
		};
/* End PBXSourcesBuildPhase section */

/* Begin PBXTargetDependency section */
		45FC69E028A2E0E800DB1D64 /* PBXTargetDependency */ = {
			isa = PBXTargetDependency;
			target = 45FC69C728A2E0DD00DB1D64 /* Tip Calc */;
			targetProxy = 45FC69DF28A2E0E800DB1D64 /* PBXContainerItemProxy */;
		};
		45FC69EA28A2E0E800DB1D64 /* PBXTargetDependency */ = {
			isa = PBXTargetDependency;
			target = 45FC69C728A2E0DD00DB1D64 /* Tip Calc */;
			targetProxy = 45FC69E928A2E0E800DB1D64 /* PBXContainerItemProxy */;
		};
/* End PBXTargetDependency section */

/* Begin PBXVariantGroup section */
		45FC69D128A2E0DD00DB1D64 /* Main.storyboard */ = {
			isa = PBXVariantGroup;
			children = (
				45FC69D228A2E0DD00DB1D64 /* Base */,
			);
			name = Main.storyboard;
			sourceTree = "<group>";
		};
		45FC69D628A2E0E700DB1D64 /* LaunchScreen.storyboard */ = {
			isa = PBXVariantGroup;
			children = (
				45FC69D728A2E0E700DB1D64 /* Base */,
			);
			name = LaunchScreen.storyboard;
			sourceTree = "<group>";
		};
/* End PBXVariantGroup section */

/* Begin XCBuildConfiguration section */
		45FC69F028A2E0E800DB1D64 /* Debug */ = {
			isa = XCBuildConfiguration;
			buildSettings = {
				ALWAYS_SEARCH_USER_PATHS = NO;
				CLANG_ANALYZER_NONNULL = YES;
				CLANG_ANALYZER_NUMBER_OBJECT_CONVERSION = YES_AGGRESSIVE;
				CLANG_CXX_LANGUAGE_STANDARD = "gnu++17";
				CLANG_ENABLE_MODULES = YES;
				CLANG_ENABLE_OBJC_ARC = YES;
				CLANG_ENABLE_OBJC_WEAK = YES;
				CLANG_WARN_BLOCK_CAPTURE_AUTORELEASING = YES;
				CLANG_WARN_BOOL_CONVERSION = YES;
				CLANG_WARN_COMMA = YES;
				CLANG_WARN_CONSTANT_CONVERSION = YES;
				CLANG_WARN_DEPRECATED_OBJC_IMPLEMENTATIONS = YES;
				CLANG_WARN_DIRECT_OBJC_ISA_USAGE = YES_ERROR;
				CLANG_WARN_DOCUMENTATION_COMMENTS = YES;
				CLANG_WARN_EMPTY_BODY = YES;
				CLANG_WARN_ENUM_CONVERSION = YES;
				CLANG_WARN_INFINITE_RECURSION = YES;
				CLANG_WARN_INT_CONVERSION = YES;
				CLANG_WARN_NON_LITERAL_NULL_CONVERSION = YES;
				CLANG_WARN_OBJC_IMPLICIT_RETAIN_SELF = YES;
				CLANG_WARN_OBJC_LITERAL_CONVERSION = YES;
				CLANG_WARN_OBJC_ROOT_CLASS = YES_ERROR;
				CLANG_WARN_QUOTED_INCLUDE_IN_FRAMEWORK_HEADER = YES;
				CLANG_WARN_RANGE_LOOP_ANALYSIS = YES;
				CLANG_WARN_STRICT_PROTOTYPES = YES;
				CLANG_WARN_SUSPICIOUS_MOVE = YES;
				CLANG_WARN_UNGUARDED_AVAILABILITY = YES_AGGRESSIVE;
				CLANG_WARN_UNREACHABLE_CODE = YES;
				CLANG_WARN__DUPLICATE_METHOD_MATCH = YES;
				COPY_PHASE_STRIP = NO;
				DEBUG_INFORMATION_FORMAT = dwarf;
				ENABLE_STRICT_OBJC_MSGSEND = YES;
				ENABLE_TESTABILITY = YES;
				GCC_C_LANGUAGE_STANDARD = gnu11;
				GCC_DYNAMIC_NO_PIC = NO;
				GCC_NO_COMMON_BLOCKS = YES;
				GCC_OPTIMIZATION_LEVEL = 0;
				GCC_PREPROCESSOR_DEFINITIONS = (
					"DEBUG=1",
					"$(inherited)",
				);
				GCC_WARN_64_TO_32_BIT_CONVERSION = YES;
				GCC_WARN_ABOUT_RETURN_TYPE = YES_ERROR;
				GCC_WARN_UNDECLARED_SELECTOR = YES;
				GCC_WARN_UNINITIALIZED_AUTOS = YES_AGGRESSIVE;
				GCC_WARN_UNUSED_FUNCTION = YES;
				GCC_WARN_UNUSED_VARIABLE = YES;
				IPHONEOS_DEPLOYMENT_TARGET = 15.5;
				MTL_ENABLE_DEBUG_INFO = INCLUDE_SOURCE;
				MTL_FAST_MATH = YES;
				ONLY_ACTIVE_ARCH = YES;
				SDKROOT = iphoneos;
				SWIFT_ACTIVE_COMPILATION_CONDITIONS = DEBUG;
				SWIFT_OPTIMIZATION_LEVEL = "-Onone";
			};
			name = Debug;
		};
		45FC69F128A2E0E800DB1D64 /* Release */ = {
			isa = XCBuildConfiguration;
			buildSettings = {
				ALWAYS_SEARCH_USER_PATHS = NO;
				CLANG_ANALYZER_NONNULL = YES;
				CLANG_ANALYZER_NUMBER_OBJECT_CONVERSION = YES_AGGRESSIVE;
				CLANG_CXX_LANGUAGE_STANDARD = "gnu++17";
				CLANG_ENABLE_MODULES = YES;
				CLANG_ENABLE_OBJC_ARC = YES;
				CLANG_ENABLE_OBJC_WEAK = YES;
				CLANG_WARN_BLOCK_CAPTURE_AUTORELEASING = YES;
				CLANG_WARN_BOOL_CONVERSION = YES;
				CLANG_WARN_COMMA = YES;
				CLANG_WARN_CONSTANT_CONVERSION = YES;
				CLANG_WARN_DEPRECATED_OBJC_IMPLEMENTATIONS = YES;
				CLANG_WARN_DIRECT_OBJC_ISA_USAGE = YES_ERROR;
				CLANG_WARN_DOCUMENTATION_COMMENTS = YES;
				CLANG_WARN_EMPTY_BODY = YES;
				CLANG_WARN_ENUM_CONVERSION = YES;
				CLANG_WARN_INFINITE_RECURSION = YES;
				CLANG_WARN_INT_CONVERSION = YES;
				CLANG_WARN_NON_LITERAL_NULL_CONVERSION = YES;
				CLANG_WARN_OBJC_IMPLICIT_RETAIN_SELF = YES;
				CLANG_WARN_OBJC_LITERAL_CONVERSION = YES;
				CLANG_WARN_OBJC_ROOT_CLASS = YES_ERROR;
				CLANG_WARN_QUOTED_INCLUDE_IN_FRAMEWORK_HEADER = YES;
				CLANG_WARN_RANGE_LOOP_ANALYSIS = YES;
				CLANG_WARN_STRICT_PROTOTYPES = YES;
				CLANG_WARN_SUSPICIOUS_MOVE = YES;
				CLANG_WARN_UNGUARDED_AVAILABILITY = YES_AGGRESSIVE;
				CLANG_WARN_UNREACHABLE_CODE = YES;
				CLANG_WARN__DUPLICATE_METHOD_MATCH = YES;
				COPY_PHASE_STRIP = NO;
				DEBUG_INFORMATION_FORMAT = "dwarf-with-dsym";
				ENABLE_NS_ASSERTIONS = NO;
				ENABLE_STRICT_OBJC_MSGSEND = YES;
				GCC_C_LANGUAGE_STANDARD = gnu11;
				GCC_NO_COMMON_BLOCKS = YES;
				GCC_WARN_64_TO_32_BIT_CONVERSION = YES;
				GCC_WARN_ABOUT_RETURN_TYPE = YES_ERROR;
				GCC_WARN_UNDECLARED_SELECTOR = YES;
				GCC_WARN_UNINITIALIZED_AUTOS = YES_AGGRESSIVE;
				GCC_WARN_UNUSED_FUNCTION = YES;
				GCC_WARN_UNUSED_VARIABLE = YES;
				IPHONEOS_DEPLOYMENT_TARGET = 15.5;
				MTL_ENABLE_DEBUG_INFO = NO;
				MTL_FAST_MATH = YES;
				SDKROOT = iphoneos;
				SWIFT_COMPILATION_MODE = wholemodule;
				SWIFT_OPTIMIZATION_LEVEL = "-O";
				VALIDATE_PRODUCT = YES;
			};
			name = Release;
		};
		45FC69F328A2E0E800DB1D64 /* Debug */ = {
			isa = XCBuildConfiguration;
			buildSettings = {
				ASSETCATALOG_COMPILER_APPICON_NAME = AppIcon;
				ASSETCATALOG_COMPILER_GLOBAL_ACCENT_COLOR_NAME = AccentColor;
				CODE_SIGN_STYLE = Automatic;
				CURRENT_PROJECT_VERSION = 1;
				GENERATE_INFOPLIST_FILE = YES;
				INFOPLIST_FILE = Prework/Info.plist;
				INFOPLIST_KEY_UIApplicationSupportsIndirectInputEvents = YES;
				INFOPLIST_KEY_UILaunchStoryboardName = LaunchScreen;
				INFOPLIST_KEY_UIMainStoryboardFile = Main;
				INFOPLIST_KEY_UISupportedInterfaceOrientations_iPad = "UIInterfaceOrientationPortrait UIInterfaceOrientationPortraitUpsideDown UIInterfaceOrientationLandscapeLeft UIInterfaceOrientationLandscapeRight";
				INFOPLIST_KEY_UISupportedInterfaceOrientations_iPhone = "UIInterfaceOrientationPortrait UIInterfaceOrientationLandscapeLeft UIInterfaceOrientationLandscapeRight";
				LD_RUNPATH_SEARCH_PATHS = (
					"$(inherited)",
					"@executable_path/Frameworks",
				);
				MARKETING_VERSION = 1.0;
				PRODUCT_BUNDLE_IDENTIFIER = TPI.Prework;
				PRODUCT_NAME = "$(TARGET_NAME)";
				SWIFT_EMIT_LOC_STRINGS = YES;
				SWIFT_VERSION = 5.0;
				TARGETED_DEVICE_FAMILY = "1,2";
			};
			name = Debug;
		};
		45FC69F428A2E0E800DB1D64 /* Release */ = {
			isa = XCBuildConfiguration;
			buildSettings = {
				ASSETCATALOG_COMPILER_APPICON_NAME = AppIcon;
				ASSETCATALOG_COMPILER_GLOBAL_ACCENT_COLOR_NAME = AccentColor;
				CODE_SIGN_STYLE = Automatic;
				CURRENT_PROJECT_VERSION = 1;
				GENERATE_INFOPLIST_FILE = YES;
				INFOPLIST_FILE = Prework/Info.plist;
				INFOPLIST_KEY_UIApplicationSupportsIndirectInputEvents = YES;
				INFOPLIST_KEY_UILaunchStoryboardName = LaunchScreen;
				INFOPLIST_KEY_UIMainStoryboardFile = Main;
				INFOPLIST_KEY_UISupportedInterfaceOrientations_iPad = "UIInterfaceOrientationPortrait UIInterfaceOrientationPortraitUpsideDown UIInterfaceOrientationLandscapeLeft UIInterfaceOrientationLandscapeRight";
				INFOPLIST_KEY_UISupportedInterfaceOrientations_iPhone = "UIInterfaceOrientationPortrait UIInterfaceOrientationLandscapeLeft UIInterfaceOrientationLandscapeRight";
				LD_RUNPATH_SEARCH_PATHS = (
					"$(inherited)",
					"@executable_path/Frameworks",
				);
				MARKETING_VERSION = 1.0;
				PRODUCT_BUNDLE_IDENTIFIER = TPI.Prework;
				PRODUCT_NAME = "$(TARGET_NAME)";
				SWIFT_EMIT_LOC_STRINGS = YES;
				SWIFT_VERSION = 5.0;
				TARGETED_DEVICE_FAMILY = "1,2";
			};
			name = Release;
		};
		45FC69F628A2E0E800DB1D64 /* Debug */ = {
			isa = XCBuildConfiguration;
			buildSettings = {
				ALWAYS_EMBED_SWIFT_STANDARD_LIBRARIES = YES;
				BUNDLE_LOADER = "$(TEST_HOST)";
				CODE_SIGN_STYLE = Automatic;
				CURRENT_PROJECT_VERSION = 1;
				GENERATE_INFOPLIST_FILE = YES;
				IPHONEOS_DEPLOYMENT_TARGET = 15.5;
				MARKETING_VERSION = 1.0;
				PRODUCT_BUNDLE_IDENTIFIER = TPI.PreworkTests;
				PRODUCT_NAME = "$(TARGET_NAME)";
				SWIFT_EMIT_LOC_STRINGS = NO;
				SWIFT_VERSION = 5.0;
				TARGETED_DEVICE_FAMILY = "1,2";
				TEST_HOST = "$(BUILT_PRODUCTS_DIR)/Tip Calc.app/Tip Calc";
			};
			name = Debug;
		};
		45FC69F728A2E0E800DB1D64 /* Release */ = {
			isa = XCBuildConfiguration;
			buildSettings = {
				ALWAYS_EMBED_SWIFT_STANDARD_LIBRARIES = YES;
				BUNDLE_LOADER = "$(TEST_HOST)";
				CODE_SIGN_STYLE = Automatic;
				CURRENT_PROJECT_VERSION = 1;
				GENERATE_INFOPLIST_FILE = YES;
				IPHONEOS_DEPLOYMENT_TARGET = 15.5;
				MARKETING_VERSION = 1.0;
				PRODUCT_BUNDLE_IDENTIFIER = TPI.PreworkTests;
				PRODUCT_NAME = "$(TARGET_NAME)";
				SWIFT_EMIT_LOC_STRINGS = NO;
				SWIFT_VERSION = 5.0;
				TARGETED_DEVICE_FAMILY = "1,2";
				TEST_HOST = "$(BUILT_PRODUCTS_DIR)/Tip Calc.app/Tip Calc";
			};
			name = Release;
		};
		45FC69F928A2E0E800DB1D64 /* Debug */ = {
			isa = XCBuildConfiguration;
			buildSettings = {
				ALWAYS_EMBED_SWIFT_STANDARD_LIBRARIES = YES;
				CODE_SIGN_STYLE = Automatic;
				CURRENT_PROJECT_VERSION = 1;
				GENERATE_INFOPLIST_FILE = YES;
				MARKETING_VERSION = 1.0;
				PRODUCT_BUNDLE_IDENTIFIER = TPI.PreworkUITests;
				PRODUCT_NAME = "$(TARGET_NAME)";
				SWIFT_EMIT_LOC_STRINGS = NO;
				SWIFT_VERSION = 5.0;
				TARGETED_DEVICE_FAMILY = "1,2";
				TEST_TARGET_NAME = Prework;
			};
			name = Debug;
		};
		45FC69FA28A2E0E800DB1D64 /* Release */ = {
			isa = XCBuildConfiguration;
			buildSettings = {
				ALWAYS_EMBED_SWIFT_STANDARD_LIBRARIES = YES;
				CODE_SIGN_STYLE = Automatic;
				CURRENT_PROJECT_VERSION = 1;
				GENERATE_INFOPLIST_FILE = YES;
				MARKETING_VERSION = 1.0;
				PRODUCT_BUNDLE_IDENTIFIER = TPI.PreworkUITests;
				PRODUCT_NAME = "$(TARGET_NAME)";
				SWIFT_EMIT_LOC_STRINGS = NO;
				SWIFT_VERSION = 5.0;
				TARGETED_DEVICE_FAMILY = "1,2";
				TEST_TARGET_NAME = Prework;
			};
			name = Release;
		};
/* End XCBuildConfiguration section */

/* Begin XCConfigurationList section */
		45FC69C328A2E0DD00DB1D64 /* Build configuration list for PBXProject "Tip Calc" */ = {
			isa = XCConfigurationList;
			buildConfigurations = (
				45FC69F028A2E0E800DB1D64 /* Debug */,
				45FC69F128A2E0E800DB1D64 /* Release */,
			);
			defaultConfigurationIsVisible = 0;
			defaultConfigurationName = Release;
		};
		45FC69F228A2E0E800DB1D64 /* Build configuration list for PBXNativeTarget "Tip Calc" */ = {
			isa = XCConfigurationList;
			buildConfigurations = (
				45FC69F328A2E0E800DB1D64 /* Debug */,
				45FC69F428A2E0E800DB1D64 /* Release */,
			);
			defaultConfigurationIsVisible = 0;
			defaultConfigurationName = Release;
		};
		45FC69F528A2E0E800DB1D64 /* Build configuration list for PBXNativeTarget "Tip CalcTests" */ = {
			isa = XCConfigurationList;
			buildConfigurations = (
				45FC69F628A2E0E800DB1D64 /* Debug */,
				45FC69F728A2E0E800DB1D64 /* Release */,
			);
			defaultConfigurationIsVisible = 0;
			defaultConfigurationName = Release;
		};
		45FC69F828A2E0E800DB1D64 /* Build configuration list for PBXNativeTarget "Tip CalcUITests" */ = {
			isa = XCConfigurationList;
			buildConfigurations = (
				45FC69F928A2E0E800DB1D64 /* Debug */,
				45FC69FA28A2E0E800DB1D64 /* Release */,
			);
			defaultConfigurationIsVisible = 0;
			defaultConfigurationName = Release;
		};
/* End XCConfigurationList section */
	};
	rootObject = 45FC69C028A2E0DC00DB1D64 /* Project object */;
}
